
Microsoft Visual Studio Solution File, Format Version 12.00
# Visual Studio Version 17
VisualStudioVersion = 17.8.34511.84
MinimumVisualStudioVersion = 10.0.40219.1
Project("{2150E333-8FDC-42A3-9474-1A3956D46DE8}") = "Services", "Services", "{98141A08-CAAD-4E90-A16C-96B2EDD23414}"
EndProject
Project("{FAE04EC0-301F-11D3-BF4B-00C04F79EFBC}") = "ProductService", "ProductService\ProductService.csproj", "{D19835BC-2E84-4576-B38F-3DAA8A158EED}"
EndProject
Project("{FAE04EC0-301F-11D3-BF4B-00C04F79EFBC}") = "OrderService", "OrderService\OrderService.csproj", "{6DB046EB-E600-41AB-B072-471857D47949}"
EndProject
Global
	GlobalSection(SolutionConfigurationPlatforms) = preSolution
		Debug|Any CPU = Debug|Any CPU
		Release|Any CPU = Release|Any CPU
	EndGlobalSection
	GlobalSection(ProjectConfigurationPlatforms) = postSolution
		{D19835BC-2E84-4576-B38F-3DAA8A158EED}.Debug|Any CPU.ActiveCfg = Debug|Any CPU
		{D19835BC-2E84-4576-B38F-3DAA8A158EED}.Debug|Any CPU.Build.0 = Debug|Any CPU
		{D19835BC-2E84-4576-B38F-3DAA8A158EED}.Release|Any CPU.ActiveCfg = Release|Any CPU
		{D19835BC-2E84-4576-B38F-3DAA8A158EED}.Release|Any CPU.Build.0 = Release|Any CPU
		{6DB046EB-E600-41AB-B072-471857D47949}.Debug|Any CPU.ActiveCfg = Debug|Any CPU
		{6DB046EB-E600-41AB-B072-471857D47949}.Debug|Any CPU.Build.0 = Debug|Any CPU
		{6DB046EB-E600-41AB-B072-471857D47949}.Release|Any CPU.ActiveCfg = Release|Any CPU
		{6DB046EB-E600-41AB-B072-471857D47949}.Release|Any CPU.Build.0 = Release|Any CPU
	EndGlobalSection
	GlobalSection(SolutionProperties) = preSolution
		HideSolutionNode = FALSE
	EndGlobalSection
	GlobalSection(NestedProjects) = preSolution
		{D19835BC-2E84-4576-B38F-3DAA8A158EED} = {98141A08-CAAD-4E90-A16C-96B2EDD23414}
		{6DB046EB-E600-41AB-B072-471857D47949} = {98141A08-CAAD-4E90-A16C-96B2EDD23414}
	EndGlobalSection
	GlobalSection(ExtensibilityGlobals) = postSolution
		SolutionGuid = {1C3545F8-72A1-4747-A6E9-BDD1FCB74839}
	EndGlobalSection
EndGlobal
